{
    "_readme": [
        "This file locks the dependencies of your project to a known state",
        "Read more about it at https://getcomposer.org/doc/01-basic-usage.md#installing-dependencies",
        "This file is @generated automatically"
    ],
    "content-hash": "a50a4583831eed5d863825075b40643c",
    "packages": [
        {
            "name": "deployer/deployer",
            "version": "v7.2.1",
            "source": {
                "type": "git",
                "url": "https://github.com/deployphp/deployer.git",
                "reference": "61314b16a776da3ba332ee0390e999a361431e52"
            },
            "dist": {
                "type": "zip",
                "url": "https://api.github.com/repos/deployphp/deployer/zipball/61314b16a776da3ba332ee0390e999a361431e52",
                "reference": "61314b16a776da3ba332ee0390e999a361431e52",
                "shasum": ""
            },
            "bin": [
                "dep"
            ],
            "type": "library",
            "notification-url": "https://packagist.org/downloads/",
            "license": [
                "MIT"
            ],
            "authors": [
                {
                    "name": "Anton Medvedev",
                    "email": "anton@medv.io"
                }
            ],
            "description": "Deployment Tool",
            "homepage": "https://deployer.org",
            "support": {
                "docs": "https://deployer.org/docs",
                "issues": "https://github.com/deployphp/deployer/issues",
                "source": "https://github.com/deployphp/deployer"
            },
            "funding": [
                {
                    "url": "https://github.com/sponsors/antonmedv",
                    "type": "github"
                }
            ],
            "time": "2023-03-01T20:16:58+00:00"
        }
    ],
    "packages-dev": [],
    "aliases": [],
    "minimum-stability": "stable",
    "stability-flags": [],
    "prefer-stable": false,
    "prefer-lowest": false,
    "platform": {
        "php": "^8.0|^7.3"
    },
    "platform-dev": [],
    "plugin-api-version": "2.3.0"
}
